
Microsoft Visual Studio Solution File, Format Version 12.00
# Visual Studio Version 16
VisualStudioVersion = 16.0.29319.158
MinimumVisualStudioVersion = 10.0.40219.1
Project("{9A19103F-16F7-4668-BE54-9A1E7A4F7556}") = "SmartHomeApi.WebApi", "SmartHomeApi.WebApi\SmartHomeApi.WebApi.csproj", "{97BC238F-B433-474C-A7D9-9878BC480BE5}"
EndProject
Project("{9A19103F-16F7-4668-BE54-9A1E7A4F7556}") = "SmartHomeApi.Core", "SmartHomeApi.Core\SmartHomeApi.Core.csproj", "{C1D41726-A1E1-496C-986F-B8C1DA22F171}"
EndProject
Project("{2150E333-8FDC-42A3-9474-1A3956D46DE8}") = "Devices", "Devices", "{800CE9B9-BA14-4BAC-8927-55ED48BC8E8F}"
EndProject
Project("{9A19103F-16F7-4668-BE54-9A1E7A4F7556}") = "TerneoSxDevice", "Devices\TerneoSxDevice\TerneoSxDevice.csproj", "{DE2ED016-38D2-4394-A984-1C403AC3C66C}"
EndProject
Project("{9A19103F-16F7-4668-BE54-9A1E7A4F7556}") = "SmartHomeApi.Core.Interfaces", "SmartHomeApi.Core.Interfaces\SmartHomeApi.Core.Interfaces.csproj", "{318BE483-BCB9-4CE7-BF13-7DBD5D7029A2}"
EndProject
Project("{9A19103F-16F7-4668-BE54-9A1E7A4F7556}") = "SmartHomeApi.Core.UnitTests", "UnitTests\SmartHomeApi.Core.UnitTests\SmartHomeApi.Core.UnitTests.csproj", "{53A99F54-3144-4D30-AB57-F362BABDA065}"
EndProject
Project("{9A19103F-16F7-4668-BE54-9A1E7A4F7556}") = "VirtualStateDevice", "Devices\VirtualStateDevice\VirtualStateDevice.csproj", "{EF6D90D5-0372-4C02-9682-4D886BC99AF2}"
EndProject
Project("{9A19103F-16F7-4668-BE54-9A1E7A4F7556}") = "SmartHomeApi.DeviceUtils", "SmartHomeApi.DeviceUtils\SmartHomeApi.DeviceUtils.csproj", "{22F1B451-67F7-47BC-A498-FD8FD008B446}"
EndProject
Project("{2150E333-8FDC-42A3-9474-1A3956D46DE8}") = "EventHandlers", "EventHandlers", "{02F4D3F1-961E-48A8-AA47-AFB23F5CD655}"
EndProject
Project("{9A19103F-16F7-4668-BE54-9A1E7A4F7556}") = "Scenarios", "EventHandlers\Scenarios\Scenarios.csproj", "{B900D922-E3A6-4187-9545-B29F858095F2}"
EndProject
Project("{FAE04EC0-301F-11D3-BF4B-00C04F79EFBC}") = "Common.Utils", "Common.Utils\Common.Utils.csproj", "{2787CD55-0240-4489-AAEC-BA87F82664C4}"
EndProject
Project("{FAE04EC0-301F-11D3-BF4B-00C04F79EFBC}") = "VirtualAlarmClockDevice", "Devices\VirtualAlarmClockDevice\VirtualAlarmClockDevice.csproj", "{FE56A55C-F898-4A68-88EC-D500EB4D89B1}"
EndProject
Global
	GlobalSection(SolutionConfigurationPlatforms) = preSolution
		Debug|Any CPU = Debug|Any CPU
		Release|Any CPU = Release|Any CPU
	EndGlobalSection
	GlobalSection(ProjectConfigurationPlatforms) = postSolution
		{97BC238F-B433-474C-A7D9-9878BC480BE5}.Debug|Any CPU.ActiveCfg = Debug|Any CPU
		{97BC238F-B433-474C-A7D9-9878BC480BE5}.Debug|Any CPU.Build.0 = Debug|Any CPU
		{97BC238F-B433-474C-A7D9-9878BC480BE5}.Release|Any CPU.ActiveCfg = Release|Any CPU
		{97BC238F-B433-474C-A7D9-9878BC480BE5}.Release|Any CPU.Build.0 = Release|Any CPU
		{C1D41726-A1E1-496C-986F-B8C1DA22F171}.Debug|Any CPU.ActiveCfg = Debug|Any CPU
		{C1D41726-A1E1-496C-986F-B8C1DA22F171}.Debug|Any CPU.Build.0 = Debug|Any CPU
		{C1D41726-A1E1-496C-986F-B8C1DA22F171}.Release|Any CPU.ActiveCfg = Release|Any CPU
		{C1D41726-A1E1-496C-986F-B8C1DA22F171}.Release|Any CPU.Build.0 = Release|Any CPU
		{DE2ED016-38D2-4394-A984-1C403AC3C66C}.Debug|Any CPU.ActiveCfg = Debug|Any CPU
		{DE2ED016-38D2-4394-A984-1C403AC3C66C}.Debug|Any CPU.Build.0 = Debug|Any CPU
		{DE2ED016-38D2-4394-A984-1C403AC3C66C}.Release|Any CPU.ActiveCfg = Release|Any CPU
		{DE2ED016-38D2-4394-A984-1C403AC3C66C}.Release|Any CPU.Build.0 = Release|Any CPU
		{318BE483-BCB9-4CE7-BF13-7DBD5D7029A2}.Debug|Any CPU.ActiveCfg = Debug|Any CPU
		{318BE483-BCB9-4CE7-BF13-7DBD5D7029A2}.Debug|Any CPU.Build.0 = Debug|Any CPU
		{318BE483-BCB9-4CE7-BF13-7DBD5D7029A2}.Release|Any CPU.ActiveCfg = Release|Any CPU
		{318BE483-BCB9-4CE7-BF13-7DBD5D7029A2}.Release|Any CPU.Build.0 = Release|Any CPU
		{53A99F54-3144-4D30-AB57-F362BABDA065}.Debug|Any CPU.ActiveCfg = Debug|Any CPU
		{53A99F54-3144-4D30-AB57-F362BABDA065}.Debug|Any CPU.Build.0 = Debug|Any CPU
		{53A99F54-3144-4D30-AB57-F362BABDA065}.Release|Any CPU.ActiveCfg = Release|Any CPU
		{53A99F54-3144-4D30-AB57-F362BABDA065}.Release|Any CPU.Build.0 = Release|Any CPU
		{EF6D90D5-0372-4C02-9682-4D886BC99AF2}.Debug|Any CPU.ActiveCfg = Debug|Any CPU
		{EF6D90D5-0372-4C02-9682-4D886BC99AF2}.Debug|Any CPU.Build.0 = Debug|Any CPU
		{EF6D90D5-0372-4C02-9682-4D886BC99AF2}.Release|Any CPU.ActiveCfg = Release|Any CPU
		{EF6D90D5-0372-4C02-9682-4D886BC99AF2}.Release|Any CPU.Build.0 = Release|Any CPU
		{22F1B451-67F7-47BC-A498-FD8FD008B446}.Debug|Any CPU.ActiveCfg = Debug|Any CPU
		{22F1B451-67F7-47BC-A498-FD8FD008B446}.Debug|Any CPU.Build.0 = Debug|Any CPU
		{22F1B451-67F7-47BC-A498-FD8FD008B446}.Release|Any CPU.ActiveCfg = Release|Any CPU
		{22F1B451-67F7-47BC-A498-FD8FD008B446}.Release|Any CPU.Build.0 = Release|Any CPU
		{B900D922-E3A6-4187-9545-B29F858095F2}.Debug|Any CPU.ActiveCfg = Debug|Any CPU
		{B900D922-E3A6-4187-9545-B29F858095F2}.Debug|Any CPU.Build.0 = Debug|Any CPU
		{B900D922-E3A6-4187-9545-B29F858095F2}.Release|Any CPU.ActiveCfg = Release|Any CPU
		{B900D922-E3A6-4187-9545-B29F858095F2}.Release|Any CPU.Build.0 = Release|Any CPU
		{2787CD55-0240-4489-AAEC-BA87F82664C4}.Debug|Any CPU.ActiveCfg = Debug|Any CPU
		{2787CD55-0240-4489-AAEC-BA87F82664C4}.Debug|Any CPU.Build.0 = Debug|Any CPU
		{2787CD55-0240-4489-AAEC-BA87F82664C4}.Release|Any CPU.ActiveCfg = Release|Any CPU
		{2787CD55-0240-4489-AAEC-BA87F82664C4}.Release|Any CPU.Build.0 = Release|Any CPU
		{FE56A55C-F898-4A68-88EC-D500EB4D89B1}.Debug|Any CPU.ActiveCfg = Debug|Any CPU
		{FE56A55C-F898-4A68-88EC-D500EB4D89B1}.Debug|Any CPU.Build.0 = Debug|Any CPU
		{FE56A55C-F898-4A68-88EC-D500EB4D89B1}.Release|Any CPU.ActiveCfg = Release|Any CPU
		{FE56A55C-F898-4A68-88EC-D500EB4D89B1}.Release|Any CPU.Build.0 = Release|Any CPU
	EndGlobalSection
	GlobalSection(SolutionProperties) = preSolution
		HideSolutionNode = FALSE
	EndGlobalSection
	GlobalSection(NestedProjects) = preSolution
		{DE2ED016-38D2-4394-A984-1C403AC3C66C} = {800CE9B9-BA14-4BAC-8927-55ED48BC8E8F}
		{EF6D90D5-0372-4C02-9682-4D886BC99AF2} = {800CE9B9-BA14-4BAC-8927-55ED48BC8E8F}
		{B900D922-E3A6-4187-9545-B29F858095F2} = {02F4D3F1-961E-48A8-AA47-AFB23F5CD655}
		{FE56A55C-F898-4A68-88EC-D500EB4D89B1} = {800CE9B9-BA14-4BAC-8927-55ED48BC8E8F}
	EndGlobalSection
	GlobalSection(ExtensibilityGlobals) = postSolution
		SolutionGuid = {B0813504-E85A-4020-873B-D4DC655694B7}
	EndGlobalSection
EndGlobal
